<Project xmlns="http://schemas.microsoft.com/developer/msbuild/2003">
    <PropertyGroup>
        <ProjectGuid>{ACCBCE60-3462-47ED-BCAD-D6E52AE46563}</ProjectGuid>
        <MainSource>EAM.dpr</MainSource>
        <Base>True</Base>
        <Config Condition="'$(Config)'==''">Release</Config>
        <AppType>Application</AppType>
        <FrameworkType>VCL</FrameworkType>
        <DCC_DCCCompiler>DCC32</DCC_DCCCompiler>
        <ProjectVersion>14.4</ProjectVersion>
        <Platform Condition="'$(Platform)'==''">Win32</Platform>
        <TargetedPlatforms>1</TargetedPlatforms>
    </PropertyGroup>
    <PropertyGroup Condition="'$(Config)'=='Base' or '$(Base)'!=''">
        <Base>true</Base>
    </PropertyGroup>
    <PropertyGroup Condition="('$(Platform)'=='Win32' and '$(Base)'=='true') or '$(Base_Win32)'!=''">
        <Base_Win32>true</Base_Win32>
        <CfgParent>Base</CfgParent>
        <Base>true</Base>
    </PropertyGroup>
    <PropertyGroup Condition="('$(Platform)'=='Win64' and '$(Base)'=='true') or '$(Base_Win64)'!=''">
        <Base_Win64>true</Base_Win64>
        <CfgParent>Base</CfgParent>
        <Base>true</Base>
    </PropertyGroup>
    <PropertyGroup Condition="'$(Config)'=='Release' or '$(Cfg_1)'!=''">
        <Cfg_1>true</Cfg_1>
        <CfgParent>Base</CfgParent>
        <Base>true</Base>
    </PropertyGroup>
    <PropertyGroup Condition="('$(Platform)'=='Win32' and '$(Cfg_1)'=='true') or '$(Cfg_1_Win32)'!=''">
        <Cfg_1_Win32>true</Cfg_1_Win32>
        <CfgParent>Cfg_1</CfgParent>
        <Cfg_1>true</Cfg_1>
        <Base>true</Base>
    </PropertyGroup>
    <PropertyGroup Condition="'$(Config)'=='Debug' or '$(Cfg_2)'!=''">
        <Cfg_2>true</Cfg_2>
        <CfgParent>Base</CfgParent>
        <Base>true</Base>
    </PropertyGroup>
    <PropertyGroup Condition="('$(Platform)'=='Win32' and '$(Cfg_2)'=='true') or '$(Cfg_2_Win32)'!=''">
        <Cfg_2_Win32>true</Cfg_2_Win32>
        <CfgParent>Cfg_2</CfgParent>
        <Cfg_2>true</Cfg_2>
        <Base>true</Base>
    </PropertyGroup>
    <PropertyGroup Condition="'$(Base)'!=''">
        <VerInfo_AutoGenVersion>true</VerInfo_AutoGenVersion>
        <VerInfo_Debug>true</VerInfo_Debug>
        <VerInfo_Keys>CompanyName=Escola Experimental de Primatas;FileDescription=;FileVersion=4.2.0.0;InternalName=;LegalCopyright=;LegalTrademarks=;OriginalFilename=;ProductName=;ProductVersion=4.2.0.0;Comments=</VerInfo_Keys>
        <VerInfo_IncludeVerInfo>true</VerInfo_IncludeVerInfo>
        <DCC_Namespace>Vcl;Vcl.Imaging;Vcl.Touch;Vcl.Samples;Vcl.Shell;System;Xml;Data;Datasnap;Web;Soap;Winapi;System.Win;$(DCC_Namespace)</DCC_Namespace>
        <VerInfo_MajorVer>4</VerInfo_MajorVer>
        <VerInfo_MinorVer>2</VerInfo_MinorVer>
        <VerInfo_Locale>1046</VerInfo_Locale>
        <DCC_UsePackage>vcl;rtl;dbrtl;adortl;vcldb;vclx;bdertl;vcldbx;ibxpress;dsnap;cds;bdecds;qrpt;teeui;teedb;tee;dss;teeqr;visualclx;visualdbclx;dsnapcrba;dsnapcon;VclSmp;vclshlctrls;vclie;xmlrtl;inet;inetdbbde;inetdbxpress;inetdb;nmfast;webdsnap;websnap;dbexpress;dbxcds;indy;dclOffice2k;$(DCC_UsePackage)</DCC_UsePackage>
        <DCC_SymbolReferenceInfo>1</DCC_SymbolReferenceInfo>
        <DCC_ImageBase>00400000</DCC_ImageBase>
        <DCC_E>false</DCC_E>
        <DCC_N>true</DCC_N>
        <DCC_S>false</DCC_S>
        <DCC_F>false</DCC_F>
        <DCC_K>false</DCC_K>
    </PropertyGroup>
    <PropertyGroup Condition="'$(Base_Win32)'!=''">
        <VerInfo_MinorVer>3</VerInfo_MinorVer>
        <Icon_MainIcon>EAM.ico</Icon_MainIcon>
        <DCC_Namespace>Data.Win;Datasnap.Win;Web.Win;Soap.Win;Xml.Win;Bde;$(DCC_Namespace)</DCC_Namespace>
        <Manifest_File>$(BDS)\bin\default_app.manifest</Manifest_File>
        <VerInfo_Keys>CompanyName=Escola Experimental de Primatas;FileDescription=Software de pesquisa sobre Controle de Estímulos;FileVersion=4.3.0.0;InternalName=;LegalCopyright=;LegalTrademarks=Sem Registro de Patente;OriginalFilename=;ProductName=;ProductVersion=1.0.0.0;Comments=</VerInfo_Keys>
    </PropertyGroup>
    <PropertyGroup Condition="'$(Base_Win64)'!=''">
        <Icon_MainIcon>EAM.ico</Icon_MainIcon>
    </PropertyGroup>
    <PropertyGroup Condition="'$(Cfg_1)'!=''">
        <DCC_LocalDebugSymbols>false</DCC_LocalDebugSymbols>
        <DCC_Define>RELEASE;$(DCC_Define)</DCC_Define>
        <DCC_SymbolReferenceInfo>0</DCC_SymbolReferenceInfo>
        <DCC_DebugInformation>false</DCC_DebugInformation>
    </PropertyGroup>
    <PropertyGroup Condition="'$(Cfg_1_Win32)'!=''">
        <VerInfo_MinorVer>3</VerInfo_MinorVer>
        <Icon_MainIcon>EAM.ico</Icon_MainIcon>
        <VerInfo_Keys>CompanyName=Escola Experimental de Primatas;FileDescription=Software de pesquisa sobre Controle de Estímulos;FileVersion=4.3.0.0;InternalName=;LegalCopyright=;LegalTrademarks=Sem Registro de Patente;OriginalFilename=;ProductName=;ProductVersion=1.0.0.0;Comments=</VerInfo_Keys>
    </PropertyGroup>
    <PropertyGroup Condition="'$(Cfg_2)'!=''">
        <Icon_MainIcon>EAM.ico</Icon_MainIcon>
        <Manifest_File>None</Manifest_File>
        <DCC_Define>DEBUG;$(DCC_Define)</DCC_Define>
        <DCC_Optimize>false</DCC_Optimize>
        <DCC_GenerateStackFrames>true</DCC_GenerateStackFrames>
    </PropertyGroup>
    <PropertyGroup Condition="'$(Cfg_2_Win32)'!=''">
        <Debugger_HostApplication>D:\Carlitus\Documents\RAD Studio\Projects\EAM 4.2\EAM42.exe</Debugger_HostApplication>
        <Debugger_CWD>D:\Carlitus\Documents\RAD Studio\Projects\EAM 4.2</Debugger_CWD>
        <VerInfo_MinorVer>3</VerInfo_MinorVer>
        <DCC_UnitSearchPath>D:\Programas\Projects\EAM 4.2\Units;$(DCC_UnitSearchPath)</DCC_UnitSearchPath>
        <VerInfo_Keys>CompanyName=Escola Experimental de Primatas;FileDescription=Software de pesquisa sobre Controle de Estímulos;FileVersion=4.3.0.0;InternalName=;LegalCopyright=;LegalTrademarks=Sem Registro de Patente;OriginalFilename=EAM42;ProductName=;ProductVersion=1.0.0.0;Comments=</VerInfo_Keys>
    </PropertyGroup>
    <ItemGroup>
        <DelphiCompile Include="$(MainSource)">
            <MainSource>MainSource</MainSource>
        </DelphiCompile>
        <DCCReference Include="Forms\formAbout.pas">
            <Form>FmAbout</Form>
        </DCCReference>
        <DCCReference Include="Forms\formBackGround.pas">
            <Form>fBackGround</Form>
        </DCCReference>
        <DCCReference Include="Forms\formBlocs.pas">
            <Form>fBlocs</Form>
        </DCCReference>
        <DCCReference Include="Forms\formCheckBoxTree.pas">
            <Form>fCheckBoxTree</Form>
        </DCCReference>
        <DCCReference Include="Forms\formFeedBack.pas">
            <Form>fFeedBack</Form>
        </DCCReference>
        <DCCReference Include="Forms\formHelp.pas">
            <Form>fmHelp</Form>
        </DCCReference>
        <DCCReference Include="Forms\formInterfaceTest.pas">
            <Form>fInterfaceTest</Form>
        </DCCReference>
        <DCCReference Include="Forms\formMain.pas">
            <Form>fMain</Form>
        </DCCReference>
        <DCCReference Include="Forms\formNewSession.pas">
            <Form>fNewSession</Form>
        </DCCReference>
        <DCCReference Include="Forms\formPlay.pas">
            <Form>fPlay</Form>
        </DCCReference>
        <DCCReference Include="Forms\formPositionGetter.pas">
            <Form>fPositionGetter</Form>
        </DCCReference>
        <DCCReference Include="Forms\formRandPosition.pas">
            <Form>fRandPosition</Form>
        </DCCReference>
        <DCCReference Include="Forms\formRandStimuliSet.pas">
            <Form>fRandStimuliSet</Form>
        </DCCReference>
        <DCCReference Include="Forms\formRandTrialIndex.pas">
            <Form>fRandTrialIndex</Form>
        </DCCReference>
        <DCCReference Include="Forms\formRScheduleView.pas">
            <Form>fRScheduleView</Form>
        </DCCReference>
        <DCCReference Include="Forms\formShowCursor.pas">
            <Form>fShowCursor</Form>
        </DCCReference>
        <DCCReference Include="Forms\formSplash.pas">
            <Form>fSplash</Form>
        </DCCReference>
        <DCCReference Include="Forms\formTextEditor.pas">
            <Form>fTextEditor</Form>
        </DCCReference>
        <DCCReference Include="Forms\formTools.pas">
            <Form>fTools</Form>
        </DCCReference>
        <DCCReference Include="Forms\formTrials.pas">
            <Form>fTrials</Form>
        </DCCReference>
        <DCCReference Include="Units\uBlc.pas"/>
        <DCCReference Include="Units\uCfgSes.pas"/>
        <DCCReference Include="Units\uConstants.pas"/>
        <DCCReference Include="Units\uCounter.pas"/>
        <DCCReference Include="Units\uCounterManager.pas"/>
        <DCCReference Include="Units\uCriatore.pas"/>
        <DCCReference Include="Units\uEscriba.pas"/>
        <DCCReference Include="Units\uKey.pas"/>
        <DCCReference Include="Units\uLibrary.pas"/>
        <DCCReference Include="Units\uRegData.pas"/>
        <DCCReference Include="Units\uSch.pas"/>
        <DCCReference Include="Units\uSchMan.pas"/>
        <DCCReference Include="Units\uSess.pas"/>
        <DCCReference Include="Units\uTrial.pas"/>
        <DCCReference Include="Units\uTrialMsg.pas"/>
        <DCCReference Include="Units\uTrialMTS.pas"/>
        <DCCReference Include="Units\uTrialSimpl.pas"/>
        <BuildConfiguration Include="Debug">
            <Key>Cfg_2</Key>
            <CfgParent>Base</CfgParent>
        </BuildConfiguration>
        <BuildConfiguration Include="Base">
            <Key>Base</Key>
        </BuildConfiguration>
        <BuildConfiguration Include="Release">
            <Key>Cfg_1</Key>
            <CfgParent>Base</CfgParent>
        </BuildConfiguration>
    </ItemGroup>
    <Import Condition="Exists('$(BDS)\Bin\CodeGear.Delphi.Targets')" Project="$(BDS)\Bin\CodeGear.Delphi.Targets"/>
    <ProjectExtensions>
        <Borland.Personality>Delphi.Personality.12</Borland.Personality>
        <Borland.ProjectType>VCLApplication</Borland.ProjectType>
        <BorlandProject>
            <Delphi.Personality>
                <Source>
                    <Source Name="MainSource">EAM.dpr</Source>
                </Source>
                <VersionInfo>
                    <VersionInfo Name="IncludeVerInfo">True</VersionInfo>
                    <VersionInfo Name="AutoIncBuild">True</VersionInfo>
                    <VersionInfo Name="MajorVer">4</VersionInfo>
                    <VersionInfo Name="MinorVer">2</VersionInfo>
                    <VersionInfo Name="Release">0</VersionInfo>
                    <VersionInfo Name="Build">2</VersionInfo>
                    <VersionInfo Name="Debug">True</VersionInfo>
                    <VersionInfo Name="PreRelease">False</VersionInfo>
                    <VersionInfo Name="Special">False</VersionInfo>
                    <VersionInfo Name="Private">False</VersionInfo>
                    <VersionInfo Name="DLL">False</VersionInfo>
                    <VersionInfo Name="Locale">1046</VersionInfo>
                    <VersionInfo Name="CodePage">1252</VersionInfo>
                </VersionInfo>
                <VersionInfoKeys>
                    <VersionInfoKeys Name="CompanyName">Escola Experimental de Primatas</VersionInfoKeys>
                    <VersionInfoKeys Name="FileDescription"/>
                    <VersionInfoKeys Name="FileVersion">4.2.0.2</VersionInfoKeys>
                    <VersionInfoKeys Name="InternalName"/>
                    <VersionInfoKeys Name="LegalCopyright"/>
                    <VersionInfoKeys Name="LegalTrademarks"/>
                    <VersionInfoKeys Name="OriginalFilename"/>
                    <VersionInfoKeys Name="ProductName"/>
                    <VersionInfoKeys Name="ProductVersion">4.2.0.0</VersionInfoKeys>
                    <VersionInfoKeys Name="Comments"/>
                </VersionInfoKeys>
                <Excluded_Packages>
                    <Excluded_Packages Name="C:\Program Files (x86)\Raize\CS5\Bin\CodeSiteExpressPkg_Design170.bpl">File C:\Program Files (x86)\Raize\CS5\Bin\CodeSiteExpressPkg_Design170.bpl not found</Excluded_Packages>
                    <Excluded_Packages Name="C:\Program Files (x86)\FastReports\LibD17\dclfs17.bpl">File C:\Program Files (x86)\FastReports\LibD17\dclfs17.bpl not found</Excluded_Packages>
                    <Excluded_Packages Name="C:\Program Files (x86)\FastReports\LibD17\dclfrx17.bpl">File C:\Program Files (x86)\FastReports\LibD17\dclfrx17.bpl not found</Excluded_Packages>
                    <Excluded_Packages Name="C:\Program Files (x86)\FastReports\LibD17\dclfsDB17.bpl">File C:\Program Files (x86)\FastReports\LibD17\dclfsDB17.bpl not found</Excluded_Packages>
                    <Excluded_Packages Name="C:\Program Files (x86)\FastReports\LibD17\dclfrxDB17.bpl">File C:\Program Files (x86)\FastReports\LibD17\dclfrxDB17.bpl not found</Excluded_Packages>
                    <Excluded_Packages Name="C:\Program Files (x86)\FastReports\LibD17\dclfrxe17.bpl">File C:\Program Files (x86)\FastReports\LibD17\dclfrxe17.bpl not found</Excluded_Packages>
                    <Excluded_Packages Name="$(BDSBIN)\bcboffice2k170.bpl">Embarcadero C++Builder Office 2000 Servers Package</Excluded_Packages>
                    <Excluded_Packages Name="$(BDSBIN)\bcbofficexp170.bpl">Embarcadero C++Builder Office XP Servers Package</Excluded_Packages>
                    <Excluded_Packages Name="$(BDSBIN)\dcloffice2k170.bpl">Microsoft Office 2000 Sample Automation Server Wrapper Components</Excluded_Packages>
                    <Excluded_Packages Name="$(BDSBIN)\dclofficexp170.bpl">Microsoft Office XP Sample Automation Server Wrapper Components</Excluded_Packages>
                </Excluded_Packages>
            </Delphi.Personality>
            <Platforms>
                <Platform value="Win32">True</Platform>
                <Platform value="Win64">False</Platform>
            </Platforms>
            <ModelSupport>False</ModelSupport>
            <Deployment>
                <DeployFile LocalName="EAM42.exe" Configuration="Debug" Class="ProjectOutput">
                    <Platform Name="Win32"/>
                </DeployFile>
                <DeployFile LocalName="EAM42.rsm" Configuration="Debug" Class="DebugSymbols">
                    <Platform Name="Win32">
                        <RemoteName>EAM42.rsm</RemoteName>
                    </Platform>
                </DeployFile>
                <DeployClass Required="true" Name="DependencyPackage">
                    <Platform Name="iOSDevice">
                        <Operation>1</Operation>
                        <Extensions>.dylib</Extensions>
                    </Platform>
                    <Platform Name="Win32">
                        <Operation>0</Operation>
                        <Extensions>.bpl</Extensions>
                    </Platform>
                    <Platform Name="OSX32">
                        <Operation>1</Operation>
                        <Extensions>.dylib</Extensions>
                    </Platform>
                    <Platform Name="iOSSimulator">
                        <Operation>1</Operation>
                        <Extensions>.dylib</Extensions>
                    </Platform>
                </DeployClass>
                <DeployClass Name="DependencyModule">
                    <Platform Name="iOSDevice">
                        <Operation>1</Operation>
                        <Extensions>.dylib</Extensions>
                    </Platform>
                    <Platform Name="Win32">
                        <Operation>0</Operation>
                        <Extensions>.dll;.bpl</Extensions>
                    </Platform>
                    <Platform Name="OSX32">
                        <Operation>1</Operation>
                        <Extensions>.dylib</Extensions>
                    </Platform>
                    <Platform Name="iOSSimulator">
                        <Operation>1</Operation>
                        <Extensions>.dylib</Extensions>
                    </Platform>
                </DeployClass>
                <DeployClass Name="iPad_Launch2048">
                    <Platform Name="iOSDevice">
                        <Operation>1</Operation>
                    </Platform>
                    <Platform Name="iOSSimulator">
                        <Operation>1</Operation>
                    </Platform>
                </DeployClass>
                <DeployClass Name="ProjectOSXInfoPList"/>
                <DeployClass Name="ProjectiOSDeviceInfoPList"/>
                <DeployClass Name="iPad_Launch1024">
                    <Platform Name="iOSDevice">
                        <Operation>1</Operation>
                    </Platform>
                    <Platform Name="iOSSimulator">
                        <Operation>1</Operation>
                    </Platform>
                </DeployClass>
                <DeployClass Name="ProjectiOSResource">
                    <Platform Name="iOSDevice">
                        <Operation>1</Operation>
                    </Platform>
                    <Platform Name="iOSSimulator">
                        <Operation>1</Operation>
                    </Platform>
                </DeployClass>
                <DeployClass Name="ProjectiOSSimulatorInfoPList"/>
                <DeployClass Name="ProjectOSXEntitlements"/>
                <DeployClass Name="iPhone_Launch640">
                    <Platform Name="iOSDevice">
                        <Operation>1</Operation>
                    </Platform>
                    <Platform Name="iOSSimulator">
                        <Operation>1</Operation>
                    </Platform>
                </DeployClass>
                <DeployClass Name="ProjectOSXResource">
                    <Platform Name="OSX32">
                        <RemoteDir>Contents\Resources</RemoteDir>
                        <Operation>1</Operation>
                    </Platform>
                </DeployClass>
                <DeployClass Name="iPhone_Launch320">
                    <Platform Name="iOSDevice">
                        <Operation>1</Operation>
                    </Platform>
                    <Platform Name="iOSSimulator">
                        <Operation>1</Operation>
                    </Platform>
                </DeployClass>
                <DeployClass Name="iPad_Launch768">
                    <Platform Name="iOSDevice">
                        <Operation>1</Operation>
                    </Platform>
                    <Platform Name="iOSSimulator">
                        <Operation>1</Operation>
                    </Platform>
                </DeployClass>
                <DeployClass Required="true" Name="ProjectOutput">
                    <Platform Name="iOSDevice">
                        <Operation>1</Operation>
                    </Platform>
                    <Platform Name="Win32">
                        <Operation>0</Operation>
                    </Platform>
                    <Platform Name="OSX32">
                        <Operation>1</Operation>
                    </Platform>
                    <Platform Name="iOSSimulator">
                        <Operation>1</Operation>
                    </Platform>
                </DeployClass>
                <DeployClass Name="ProjectiOSDeviceResourceRules"/>
                <DeployClass Name="File">
                    <Platform Name="iOSDevice">
                        <Operation>0</Operation>
                    </Platform>
                    <Platform Name="Win32">
                        <Operation>0</Operation>
                    </Platform>
                    <Platform Name="OSX32">
                        <Operation>0</Operation>
                    </Platform>
                    <Platform Name="iOSSimulator">
                        <Operation>0</Operation>
                    </Platform>
                </DeployClass>
                <DeployClass Name="DebugSymbols">
                    <Platform Name="iOSDevice">
                        <Operation>1</Operation>
                    </Platform>
                    <Platform Name="Win32">
                        <Operation>0</Operation>
                    </Platform>
                    <Platform Name="OSX32">
                        <Operation>1</Operation>
                    </Platform>
                    <Platform Name="iOSSimulator">
                        <Operation>1</Operation>
                    </Platform>
                </DeployClass>
                <DeployClass Name="DependencyFramework">
                    <Platform Name="OSX32">
                        <Operation>1</Operation>
                        <Extensions>.framework</Extensions>
                    </Platform>
                    <Platform Name="Win32">
                        <Operation>0</Operation>
                    </Platform>
                </DeployClass>
                <DeployClass Name="ProjectiOSEntitlements">
                    <Platform Name="iOSDevice">
                        <Operation>1</Operation>
                    </Platform>
                </DeployClass>
                <DeployClass Name="iPad_Launch1536">
                    <Platform Name="iOSDevice">
                        <Operation>1</Operation>
                    </Platform>
                    <Platform Name="iOSSimulator">
                        <Operation>1</Operation>
                    </Platform>
                </DeployClass>
                <DeployClass Name="AdditionalDebugSymbols">
                    <Platform Name="iOSDevice">
                        <Operation>1</Operation>
                    </Platform>
                    <Platform Name="Win32">
                        <RemoteDir>Contents\MacOS</RemoteDir>
                        <Operation>0</Operation>
                    </Platform>
                    <Platform Name="OSX32">
                        <Operation>1</Operation>
                    </Platform>
                    <Platform Name="iOSSimulator">
                        <Operation>1</Operation>
                    </Platform>
                </DeployClass>
                <ProjectRoot Platform="iOSDevice" Name="$(PROJECTNAME).app"/>
                <ProjectRoot Platform="Win32" Name="$(PROJECTNAME)"/>
                <ProjectRoot Platform="OSX32" Name="$(PROJECTNAME)"/>
                <ProjectRoot Platform="iOSSimulator" Name="$(PROJECTNAME).app"/>
                <ProjectRoot Platform="Win64" Name="$(PROJECTNAME)"/>
            </Deployment>
        </BorlandProject>
        <ProjectFileVersion>12</ProjectFileVersion>
    </ProjectExtensions>
    <Import Condition="Exists('$(APPDATA)\Embarcadero\$(BDSAPPDATABASEDIR)\$(PRODUCTVERSION)\UserTools.proj')" Project="$(APPDATA)\Embarcadero\$(BDSAPPDATABASEDIR)\$(PRODUCTVERSION)\UserTools.proj"/>
    <Import Project="$(MSBuildProjectName).deployproj" Condition="Exists('$(MSBuildProjectName).deployproj')"/>
</Project>
